
Microsoft Visual Studio Solution File, Format Version 12.00
# Visual Studio Version 17
VisualStudioVersion = 17.0.31611.283
MinimumVisualStudioVersion = 10.0.40219.1
Project("{9A19103F-16F7-4668-BE54-9A1E7A4F7556}") = "HandFootExcluded", "HandFootExcluded\HandFootExcluded.csproj", "{4DE1D45B-00F3-4ED5-AC0D-3E9BC0BD565B}"
EndProject
Project("{9A19103F-16F7-4668-BE54-9A1E7A4F7556}") = "HandFootExcluded.Core", "HandFootExcluded.Core\HandFootExcluded.Core.csproj", "{60EFECC3-9CD5-4666-9674-CFBF672CB35A}"
EndProject
Project("{9A19103F-16F7-4668-BE54-9A1E7A4F7556}") = "HandFootExcluded.Core.Tests", "HandFootExcluded.Core.Tests\HandFootExcluded.Core.Tests.csproj", "{3E73F30F-F3B6-46CA-A301-D4337CC119D2}"
EndProject
Project("{FAE04EC0-301F-11D3-BF4B-00C04F79EFBC}") = "HandFootExcluded.Common", "HandFootExcluded.Common\HandFootExcluded.Common.csproj", "{DEF7C990-5A2E-4F99-BDCA-FF425273118B}"
EndProject
Project("{FAE04EC0-301F-11D3-BF4B-00C04F79EFBC}") = "HandFootExcluded.UI", "HandFootExcluded.UI\HandFootExcluded.UI.csproj", "{09430B61-DCEE-4007-9FC5-EF6863743413}"
EndProject
Global
	GlobalSection(SolutionConfigurationPlatforms) = preSolution
		Debug|Any CPU = Debug|Any CPU
		Release|Any CPU = Release|Any CPU
	EndGlobalSection
	GlobalSection(ProjectConfigurationPlatforms) = postSolution
		{4DE1D45B-00F3-4ED5-AC0D-3E9BC0BD565B}.Debug|Any CPU.ActiveCfg = Debug|Any CPU
		{4DE1D45B-00F3-4ED5-AC0D-3E9BC0BD565B}.Debug|Any CPU.Build.0 = Debug|Any CPU
		{4DE1D45B-00F3-4ED5-AC0D-3E9BC0BD565B}.Debug|Any CPU.Deploy.0 = Debug|Any CPU
		{4DE1D45B-00F3-4ED5-AC0D-3E9BC0BD565B}.Release|Any CPU.ActiveCfg = Release|Any CPU
		{4DE1D45B-00F3-4ED5-AC0D-3E9BC0BD565B}.Release|Any CPU.Build.0 = Release|Any CPU
		{4DE1D45B-00F3-4ED5-AC0D-3E9BC0BD565B}.Release|Any CPU.Deploy.0 = Release|Any CPU
		{60EFECC3-9CD5-4666-9674-CFBF672CB35A}.Debug|Any CPU.ActiveCfg = Debug|Any CPU
		{60EFECC3-9CD5-4666-9674-CFBF672CB35A}.Debug|Any CPU.Build.0 = Debug|Any CPU
		{60EFECC3-9CD5-4666-9674-CFBF672CB35A}.Release|Any CPU.ActiveCfg = Release|Any CPU
		{60EFECC3-9CD5-4666-9674-CFBF672CB35A}.Release|Any CPU.Build.0 = Release|Any CPU
		{3E73F30F-F3B6-46CA-A301-D4337CC119D2}.Debug|Any CPU.ActiveCfg = Debug|Any CPU
		{3E73F30F-F3B6-46CA-A301-D4337CC119D2}.Debug|Any CPU.Build.0 = Debug|Any CPU
		{3E73F30F-F3B6-46CA-A301-D4337CC119D2}.Release|Any CPU.ActiveCfg = Release|Any CPU
		{3E73F30F-F3B6-46CA-A301-D4337CC119D2}.Release|Any CPU.Build.0 = Release|Any CPU
		{DEF7C990-5A2E-4F99-BDCA-FF425273118B}.Debug|Any CPU.ActiveCfg = Debug|Any CPU
		{DEF7C990-5A2E-4F99-BDCA-FF425273118B}.Debug|Any CPU.Build.0 = Debug|Any CPU
		{DEF7C990-5A2E-4F99-BDCA-FF425273118B}.Release|Any CPU.ActiveCfg = Release|Any CPU
		{DEF7C990-5A2E-4F99-BDCA-FF425273118B}.Release|Any CPU.Build.0 = Release|Any CPU
		{09430B61-DCEE-4007-9FC5-EF6863743413}.Debug|Any CPU.ActiveCfg = Debug|Any CPU
		{09430B61-DCEE-4007-9FC5-EF6863743413}.Debug|Any CPU.Build.0 = Debug|Any CPU
		{09430B61-DCEE-4007-9FC5-EF6863743413}.Debug|Any CPU.Deploy.0 = Debug|Any CPU
		{09430B61-DCEE-4007-9FC5-EF6863743413}.Release|Any CPU.ActiveCfg = Release|Any CPU
		{09430B61-DCEE-4007-9FC5-EF6863743413}.Release|Any CPU.Build.0 = Release|Any CPU
		{09430B61-DCEE-4007-9FC5-EF6863743413}.Release|Any CPU.Deploy.0 = Release|Any CPU
	EndGlobalSection
	GlobalSection(SolutionProperties) = preSolution
		HideSolutionNode = FALSE
	EndGlobalSection
	GlobalSection(ExtensibilityGlobals) = postSolution
		SolutionGuid = {61F7FB11-1E47-470C-91E2-47F8143E1572}
	EndGlobalSection
EndGlobal
